
Microsoft Visual Studio Solution File, Format Version 12.00
# Visual Studio Version 16
VisualStudioVersion = 16.0.30011.22
MinimumVisualStudioVersion = 10.0.40219.1
Project("{FAE04EC0-301F-11D3-BF4B-00C04F79EFBC}") = "Laba7.2", "Laba7.2\Laba7.2.csproj", "{D83E751C-3CD1-4BA2-9EC2-3F2154AE7DF5}"
EndProject
Global
	GlobalSection(SolutionConfigurationPlatforms) = preSolution
		Debug|Any CPU = Debug|Any CPU
		Release|Any CPU = Release|Any CPU
	EndGlobalSection
	GlobalSection(ProjectConfigurationPlatforms) = postSolution
		{D83E751C-3CD1-4BA2-9EC2-3F2154AE7DF5}.Debug|Any CPU.ActiveCfg = Debug|Any CPU
		{D83E751C-3CD1-4BA2-9EC2-3F2154AE7DF5}.Debug|Any CPU.Build.0 = Debug|Any CPU
		{D83E751C-3CD1-4BA2-9EC2-3F2154AE7DF5}.Release|Any CPU.ActiveCfg = Release|Any CPU
		{D83E751C-3CD1-4BA2-9EC2-3F2154AE7DF5}.Release|Any CPU.Build.0 = Release|Any CPU
	EndGlobalSection
	GlobalSection(SolutionProperties) = preSolution
		HideSolutionNode = FALSE
	EndGlobalSection
	GlobalSection(ExtensibilityGlobals) = postSolution
		SolutionGuid = {7D2CC3BE-8595-4AD1-8C88-E1C6E8429579}
	EndGlobalSection
EndGlobal
