
Microsoft Visual Studio Solution File, Format Version 12.00
# Visual Studio Version 16
VisualStudioVersion = 16.0.30011.22
MinimumVisualStudioVersion = 10.0.40219.1
Project("{FAE04EC0-301F-11D3-BF4B-00C04F79EFBC}") = "Laba7.1", "Laba7.1\Laba7.1.csproj", "{A0D71C86-7B1B-4F38-8B3D-E8AC8285AC47}"
EndProject
Global
	GlobalSection(SolutionConfigurationPlatforms) = preSolution
		Debug|Any CPU = Debug|Any CPU
		Release|Any CPU = Release|Any CPU
	EndGlobalSection
	GlobalSection(ProjectConfigurationPlatforms) = postSolution
		{A0D71C86-7B1B-4F38-8B3D-E8AC8285AC47}.Debug|Any CPU.ActiveCfg = Debug|Any CPU
		{A0D71C86-7B1B-4F38-8B3D-E8AC8285AC47}.Debug|Any CPU.Build.0 = Debug|Any CPU
		{A0D71C86-7B1B-4F38-8B3D-E8AC8285AC47}.Release|Any CPU.ActiveCfg = Release|Any CPU
		{A0D71C86-7B1B-4F38-8B3D-E8AC8285AC47}.Release|Any CPU.Build.0 = Release|Any CPU
	EndGlobalSection
	GlobalSection(SolutionProperties) = preSolution
		HideSolutionNode = FALSE
	EndGlobalSection
	GlobalSection(ExtensibilityGlobals) = postSolution
		SolutionGuid = {1B1A7DB6-2B0B-42C3-AD39-D412D4BDFB50}
	EndGlobalSection
EndGlobal
