
Microsoft Visual Studio Solution File, Format Version 12.00
# Visual Studio Version 16
VisualStudioVersion = 16.0.30011.22
MinimumVisualStudioVersion = 10.0.40219.1
Project("{FAE04EC0-301F-11D3-BF4B-00C04F79EFBC}") = "TestLab7", "TestLab7\TestLab7.csproj", "{285D9DAB-9802-4FEC-B75B-E99F509D798E}"
EndProject
Global
	GlobalSection(SolutionConfigurationPlatforms) = preSolution
		Debug|Any CPU = Debug|Any CPU
		Release|Any CPU = Release|Any CPU
	EndGlobalSection
	GlobalSection(ProjectConfigurationPlatforms) = postSolution
		{285D9DAB-9802-4FEC-B75B-E99F509D798E}.Debug|Any CPU.ActiveCfg = Debug|Any CPU
		{285D9DAB-9802-4FEC-B75B-E99F509D798E}.Debug|Any CPU.Build.0 = Debug|Any CPU
		{285D9DAB-9802-4FEC-B75B-E99F509D798E}.Release|Any CPU.ActiveCfg = Release|Any CPU
		{285D9DAB-9802-4FEC-B75B-E99F509D798E}.Release|Any CPU.Build.0 = Release|Any CPU
	EndGlobalSection
	GlobalSection(SolutionProperties) = preSolution
		HideSolutionNode = FALSE
	EndGlobalSection
	GlobalSection(ExtensibilityGlobals) = postSolution
		SolutionGuid = {3DE47E9F-D9A6-45AA-B064-15EB99ED5121}
	EndGlobalSection
EndGlobal
